<?xml version="1.0" encoding="utf-8"?>
<Project ToolsVersion="4.0" xmlns="http://schemas.microsoft.com/developer/msbuild/2003">
  <ItemGroup>
    <Filter Include="Source Files">
      <UniqueIdentifier>{4FC737F1-C7A5-4376-A066-2A32D752A2FF}</UniqueIdentifier>
      <Extensions>cpp;c;cc;cxx;def;odl;idl;hpj;bat;asm;asmx</Extensions>
    </Filter>
    <Filter Include="Header Files">
      <UniqueIdentifier>{93995380-89BD-4b04-88EB-625FBE52EBFB}</UniqueIdentifier>
      <Extensions>h;hh;hpp;hxx;hm;inl;inc;xsd</Extensions>
    </Filter>
    <Filter Include="Resource Files">
      <UniqueIdentifier>{67DA6AB6-F800-4c08-8B7A-83BB121AAD01}</UniqueIdentifier>
      <Extensions>rc;ico;cur;bmp;dlg;rc2;rct;bin;rgs;gif;jpg;jpeg;jpe;resx;tiff;tif;png;wav;mfcribbon-ms</Extensions>
    </Filter>
  </ItemGroup>
  <ItemGroup>
    <ClCompile Include="Framework\Engine\Engine.cpp">
      <Filter>Source Files</Filter>
    </ClCompile>
    <ClCompile Include="Framework\Engine\Scene.cpp">
      <Filter>Source Files</Filter>
    </ClCompile>
    <ClCompile Include="Framework\Utility\Camera.cpp">
      <Filter>Source Files</Filter>
    </ClCompile>
    <ClCompile Include="Framework\Utility\Texture.cpp">
      <Filter>Source Files</Filter>
    </ClCompile>
    <ClCompile Include="Code\main.cpp">
      <Filter>Source Files</Filter>
    </ClCompile>
    <ClCompile Include="Code\MyScene.cpp">
      <Filter>Source Files</Filter>
    </ClCompile>
    <ClCompile Include="Code\Objects\Lights\Sun.cpp">
      <Filter>Source Files</Filter>
    </ClCompile>
    <ClCompile Include="Code\Objects\Lights\Moon.cpp">
      <Filter>Source Files</Filter>
    </ClCompile>
    <ClCompile Include="Code\Objects\Animals\Giraffe.cpp">
      <Filter>Source Files</Filter>
    </ClCompile>
    <ClCompile Include="Code\Objects\Lights\DiscoLight.cpp">
      <Filter>Source Files</Filter>
    </ClCompile>
    <ClCompile Include="Code\Objects\DJ Objects\Speaker.cpp">
      <Filter>Source Files</Filter>
    </ClCompile>
    <ClCompile Include="Code\Objects\DJ Objects\Scaffolding.cpp">
      <Filter>Source Files</Filter>
    </ClCompile>
    <ClCompile Include="Code\Objects\DJ Objects\DJDecks.cpp">
      <Filter>Source Files</Filter>
    </ClCompile>
    <ClCompile Include="Code\Objects\Animals\Elephant.cpp">
      <Filter>Source Files</Filter>
    </ClCompile>
    <ClCompile Include="Code\Objects\DJ Objects\DanceFloor.cpp">
      <Filter>Source Files</Filter>
    </ClCompile>
    <ClCompile Include="Code\Objects\Box.h">
      <Filter>Source Files</Filter>
    </ClCompile>
    <ClCompile Include="Code\Objects\Box.cpp">
      <Filter>Source Files</Filter>
    </ClCompile>
    <ClCompile Include="Code\SpecialFX\Confetti.cpp">
      <Filter>Source Files</Filter>
    </ClCompile>
    <ClCompile Include="Code\Objects\Animals\Monkey.cpp">
      <Filter>Source Files</Filter>
    </ClCompile>
    <ClCompile Include="Code\Objects\Animals\Snake.cpp">
      <Filter>Source Files</Filter>
    </ClCompile>
    <ClCompile Include="Code\Objects\DJ Objects\Screen.cpp">
      <Filter>Source Files</Filter>
    </ClCompile>
    <ClCompile Include="Code\Objects\Animals\DiscoBallParrot.cpp">
      <Filter>Source Files</Filter>
    </ClCompile>
    <ClCompile Include="Code\Objects\PartyHat.cpp">
      <Filter>Source Files</Filter>
    </ClCompile>
    <ClCompile Include="Code\Objects\DJ Objects\Meter.cpp">
      <Filter>Source Files</Filter>
    </ClCompile>
    <ClCompile Include="Code\Objects\DJ Objects\Laser.cpp">
      <Filter>Source Files</Filter>
    </ClCompile>
    <ClCompile Include="Code\Objects\Environment\Cabana.cpp">
      <Filter>Source Files</Filter>
    </ClCompile>
    <ClCompile Include="Code\Objects\Environment\Rock.cpp">
      <Filter>Source Files</Filter>
    </ClCompile>
    <ClCompile Include="Code\Objects\Environment\Skybox.cpp">
      <Filter>Source Files</Filter>
    </ClCompile>
    <ClCompile Include="Code\Objects\Environment\Terrain.cpp">
      <Filter>Source Files</Filter>
    </ClCompile>
    <ClCompile Include="Code\Objects\Environment\Cactus.cpp">
      <Filter>Source Files</Filter>
    </ClCompile>
    <ClCompile Include="Code\Objects\Animals\Lion.cpp">
      <Filter>Source Files</Filter>
    </ClCompile>
  </ItemGroup>
  <ItemGroup>
    <ClInclude Include="Framework\Engine\Engine.h">
      <Filter>Header Files</Filter>
    </ClInclude>
    <ClInclude Include="Framework\Engine\Scene.h">
      <Filter>Header Files</Filter>
    </ClInclude>
    <ClInclude Include="Framework\Interface\Animation.h">
      <Filter>Header Files</Filter>
    </ClInclude>
    <ClInclude Include="Framework\Interface\DisplayableObject.h">
      <Filter>Header Files</Filter>
    </ClInclude>
    <ClInclude Include="Framework\Interface\Input.h">
      <Filter>Header Files</Filter>
    </ClInclude>
    <ClInclude Include="Framework\Utility\Camera.h">
      <Filter>Header Files</Filter>
    </ClInclude>
    <ClInclude Include="Framework\Utility\Texture.h">
      <Filter>Header Files</Filter>
    </ClInclude>
    <ClInclude Include="Framework\Utility\VectorMath.h">
      <Filter>Header Files</Filter>
    </ClInclude>
    <ClInclude Include="Code\MyScene.h">
      <Filter>Header Files</Filter>
    </ClInclude>
    <ClInclude Include="Code\Objects\Lights\Sun.h">
      <Filter>Header Files</Filter>
    </ClInclude>
    <ClInclude Include="Code\Objects\Lights\Moon.h">
      <Filter>Header Files</Filter>
    </ClInclude>
    <ClInclude Include="Code\Objects\Animals\Giraffe.h">
      <Filter>Header Files</Filter>
    </ClInclude>
    <ClInclude Include="Code\Objects\Lights\DiscoLight.h">
      <Filter>Header Files</Filter>
    </ClInclude>
    <ClInclude Include="Code\Objects\DJ Objects\Speaker.h">
      <Filter>Header Files</Filter>
    </ClInclude>
    <ClInclude Include="Code\Objects\DJ Objects\Scaffolding.h">
      <Filter>Header Files</Filter>
    </ClInclude>
    <ClInclude Include="Code\Objects\DJ Objects\DJDecks.h">
      <Filter>Header Files</Filter>
    </ClInclude>
    <ClInclude Include="Code\Objects\Animals\Elephant.h">
      <Filter>Header Files</Filter>
    </ClInclude>
    <ClInclude Include="Code\Objects\DJ Objects\DanceFloor.h">
      <Filter>Header Files</Filter>
    </ClInclude>
    <ClInclude Include="Code\SpecialFX\Confetti.h">
      <Filter>Header Files</Filter>
    </ClInclude>
    <ClInclude Include="Code\Objects\Animals\Monkey.h">
      <Filter>Header Files</Filter>
    </ClInclude>
    <ClInclude Include="Code\Objects\Animals\Snake.h">
      <Filter>Header Files</Filter>
    </ClInclude>
    <ClInclude Include="Code\Objects\DJ Objects\Screen.h">
      <Filter>Header Files</Filter>
    </ClInclude>
    <ClInclude Include="Code\Objects\Animals\DiscoBallParrot.h">
      <Filter>Header Files</Filter>
    </ClInclude>
    <ClInclude Include="Code\Objects\PartyHat.h">
      <Filter>Header Files</Filter>
    </ClInclude>
    <ClInclude Include="Code\Objects\DJ Objects\Meter.h">
      <Filter>Header Files</Filter>
    </ClInclude>
    <ClInclude Include="Code\Objects\DJ Objects\Laser.h">
      <Filter>Header Files</Filter>
    </ClInclude>
    <ClInclude Include="Code\Objects\Environment\Cabana.h">
      <Filter>Header Files</Filter>
    </ClInclude>
    <ClInclude Include="Code\Objects\Environment\Rock.h">
      <Filter>Header Files</Filter>
    </ClInclude>
    <ClInclude Include="Code\Objects\Environment\Terrain.h">
      <Filter>Header Files</Filter>
    </ClInclude>
    <ClInclude Include="Code\Objects\Environment\Skybox.h">
      <Filter>Header Files</Filter>
    </ClInclude>
    <ClInclude Include="Code\Objects\Environment\Cactus.h">
      <Filter>Header Files</Filter>
    </ClInclude>
    <ClInclude Include="Code\Objects\Animals\Lion.h">
      <Filter>Header Files</Filter>
    </ClInclude>
  </ItemGroup>
  <ItemGroup>
    <Image Include="Textures\skybox_texture.bmp">
      <Filter>Resource Files</Filter>
    </Image>
  </ItemGroup>
  <ItemGroup>
    <Media Include="Music\The Lion King - Circle Of Life Trap Remix.mp3" />
  </ItemGroup>
</Project>